
Microsoft Visual Studio Solution File, Format Version 12.00
# Visual Studio Version 17
VisualStudioVersion = 17.9.34701.34
MinimumVisualStudioVersion = 10.0.40219.1
Project("{FAE04EC0-301F-11D3-BF4B-00C04F79EFBC}") = "TMV", "TMV\TMV.csproj", "{11B1C9DF-6CE2-4908-895B-80C60663007E}"
EndProject
Project("{FAE04EC0-301F-11D3-BF4B-00C04F79EFBC}") = "DiemHoacTap", "DiemHoacTap\DiemHoacTap.csproj", "{E49AD3C3-D0AF-488A-8E59-BF3077B48CB9}"
EndProject
Global
	GlobalSection(SolutionConfigurationPlatforms) = preSolution
		Debug|Any CPU = Debug|Any CPU
		Release|Any CPU = Release|Any CPU
	EndGlobalSection
	GlobalSection(ProjectConfigurationPlatforms) = postSolution
		{11B1C9DF-6CE2-4908-895B-80C60663007E}.Debug|Any CPU.ActiveCfg = Debug|Any CPU
		{11B1C9DF-6CE2-4908-895B-80C60663007E}.Debug|Any CPU.Build.0 = Debug|Any CPU
		{11B1C9DF-6CE2-4908-895B-80C60663007E}.Release|Any CPU.ActiveCfg = Release|Any CPU
		{11B1C9DF-6CE2-4908-895B-80C60663007E}.Release|Any CPU.Build.0 = Release|Any CPU
		{E49AD3C3-D0AF-488A-8E59-BF3077B48CB9}.Debug|Any CPU.ActiveCfg = Debug|Any CPU
		{E49AD3C3-D0AF-488A-8E59-BF3077B48CB9}.Debug|Any CPU.Build.0 = Debug|Any CPU
		{E49AD3C3-D0AF-488A-8E59-BF3077B48CB9}.Release|Any CPU.ActiveCfg = Release|Any CPU
		{E49AD3C3-D0AF-488A-8E59-BF3077B48CB9}.Release|Any CPU.Build.0 = Release|Any CPU
	EndGlobalSection
	GlobalSection(SolutionProperties) = preSolution
		HideSolutionNode = FALSE
	EndGlobalSection
	GlobalSection(ExtensibilityGlobals) = postSolution
		SolutionGuid = {115DA298-195D-4D39-9E6D-F16E8C0BDBCE}
	EndGlobalSection
EndGlobal
